
Microsoft Visual Studio Solution File, Format Version 12.00
# Visual Studio Version 17
VisualStudioVersion = 17.3.32811.315
MinimumVisualStudioVersion = 10.0.40219.1
Project("{8BC9CEB8-8B4A-11D0-8D11-00A0C91BC942}") = "ConsoleApplication1", "ConsoleApplication1.vcxproj", "{0F04C59D-F78E-4904-A533-A7FA2B76ACCE}"
EndProject
Global
	GlobalSection(SolutionConfigurationPlatforms) = preSolution
		Debug|x64 = Debug|x64
		Debug|x86 = Debug|x86
		Release|x64 = Release|x64
		Release|x86 = Release|x86
	EndGlobalSection
	GlobalSection(ProjectConfigurationPlatforms) = postSolution
		{0F04C59D-F78E-4904-A533-A7FA2B76ACCE}.Debug|x64.ActiveCfg = Debug|x64
		{0F04C59D-F78E-4904-A533-A7FA2B76ACCE}.Debug|x64.Build.0 = Debug|x64
		{0F04C59D-F78E-4904-A533-A7FA2B76ACCE}.Debug|x86.ActiveCfg = Debug|Win32
		{0F04C59D-F78E-4904-A533-A7FA2B76ACCE}.Debug|x86.Build.0 = Debug|Win32
		{0F04C59D-F78E-4904-A533-A7FA2B76ACCE}.Release|x64.ActiveCfg = Release|x64
		{0F04C59D-F78E-4904-A533-A7FA2B76ACCE}.Release|x64.Build.0 = Release|x64
		{0F04C59D-F78E-4904-A533-A7FA2B76ACCE}.Release|x86.ActiveCfg = Release|Win32
		{0F04C59D-F78E-4904-A533-A7FA2B76ACCE}.Release|x86.Build.0 = Release|Win32
	EndGlobalSection
	GlobalSection(SolutionProperties) = preSolution
		HideSolutionNode = FALSE
	EndGlobalSection
	GlobalSection(ExtensibilityGlobals) = postSolution
		SolutionGuid = {05F52E8A-91CB-4977-8C62-8042A1948842}
	EndGlobalSection
EndGlobal
