
Microsoft Visual Studio Solution File, Format Version 12.00
# Visual Studio Version 17
VisualStudioVersion = 17.1.32210.238
MinimumVisualStudioVersion = 10.0.40219.1
Project("{8BC9CEB8-8B4A-11D0-8D11-00A0C91BC942}") = "task2", "task2.vcxproj", "{95FCCE1D-A59F-4E50-9405-61920F76636C}"
EndProject
Global
	GlobalSection(SolutionConfigurationPlatforms) = preSolution
		Debug|x64 = Debug|x64
		Debug|x86 = Debug|x86
		Release|x64 = Release|x64
		Release|x86 = Release|x86
	EndGlobalSection
	GlobalSection(ProjectConfigurationPlatforms) = postSolution
		{95FCCE1D-A59F-4E50-9405-61920F76636C}.Debug|x64.ActiveCfg = Debug|x64
		{95FCCE1D-A59F-4E50-9405-61920F76636C}.Debug|x64.Build.0 = Debug|x64
		{95FCCE1D-A59F-4E50-9405-61920F76636C}.Debug|x86.ActiveCfg = Debug|Win32
		{95FCCE1D-A59F-4E50-9405-61920F76636C}.Debug|x86.Build.0 = Debug|Win32
		{95FCCE1D-A59F-4E50-9405-61920F76636C}.Release|x64.ActiveCfg = Release|x64
		{95FCCE1D-A59F-4E50-9405-61920F76636C}.Release|x64.Build.0 = Release|x64
		{95FCCE1D-A59F-4E50-9405-61920F76636C}.Release|x86.ActiveCfg = Release|Win32
		{95FCCE1D-A59F-4E50-9405-61920F76636C}.Release|x86.Build.0 = Release|Win32
	EndGlobalSection
	GlobalSection(SolutionProperties) = preSolution
		HideSolutionNode = FALSE
	EndGlobalSection
	GlobalSection(ExtensibilityGlobals) = postSolution
		SolutionGuid = {CD767F9F-0D5C-40E9-92EC-67509D6701BA}
	EndGlobalSection
EndGlobal
