
Microsoft Visual Studio Solution File, Format Version 12.00
# Visual Studio Version 17
VisualStudioVersion = 17.3.32811.315
MinimumVisualStudioVersion = 10.0.40219.1
Project("{8BC9CEB8-8B4A-11D0-8D11-00A0C91BC942}") = "kyrs2", "kyrs2\kyrs2.vcxproj", "{EAA11D31-28DB-4945-BF6F-7B9727EA52DA}"
EndProject
Global
	GlobalSection(SolutionConfigurationPlatforms) = preSolution
		Debug|x64 = Debug|x64
		Debug|x86 = Debug|x86
		Release|x64 = Release|x64
		Release|x86 = Release|x86
	EndGlobalSection
	GlobalSection(ProjectConfigurationPlatforms) = postSolution
		{EAA11D31-28DB-4945-BF6F-7B9727EA52DA}.Debug|x64.ActiveCfg = Debug|x64
		{EAA11D31-28DB-4945-BF6F-7B9727EA52DA}.Debug|x64.Build.0 = Debug|x64
		{EAA11D31-28DB-4945-BF6F-7B9727EA52DA}.Debug|x86.ActiveCfg = Debug|Win32
		{EAA11D31-28DB-4945-BF6F-7B9727EA52DA}.Debug|x86.Build.0 = Debug|Win32
		{EAA11D31-28DB-4945-BF6F-7B9727EA52DA}.Release|x64.ActiveCfg = Release|x64
		{EAA11D31-28DB-4945-BF6F-7B9727EA52DA}.Release|x64.Build.0 = Release|x64
		{EAA11D31-28DB-4945-BF6F-7B9727EA52DA}.Release|x86.ActiveCfg = Release|Win32
		{EAA11D31-28DB-4945-BF6F-7B9727EA52DA}.Release|x86.Build.0 = Release|Win32
	EndGlobalSection
	GlobalSection(SolutionProperties) = preSolution
		HideSolutionNode = FALSE
	EndGlobalSection
	GlobalSection(ExtensibilityGlobals) = postSolution
		SolutionGuid = {EE2C7ED1-3EC5-4A20-9D6E-EDEB1472C928}
	EndGlobalSection
EndGlobal
